#MicroXplorer Configuration settings - do not modify
Mcu.Family=STM32F4
ProjectManager.MainLocation=Core/Src
USB_HOST.IPParameters=VirtualModeFS,USBH_HandleTypeDef
ProjectManager.ProjectFileName=F411DISCO_USB_MEMORY.ioc
RCC.CortexFreq_Value=72000000
FATFS._USE_LFN=1
ProjectManager.KeepUserCode=true
Mcu.UserName=STM32F411VETx
Mcu.PinsNb=9
ProjectManager.NoMain=false
RCC.PLLCLKFreq_Value=72000000
RCC.PLLQCLKFreq_Value=48000000
VP_USB_HOST_VS_USB_HOST_MSC_FS.Mode=MSC_FS
ProjectManager.functionlistsort=1-MX_GPIO_Init-GPIO-false-HAL-true,2-SystemClock_Config-RCC-false-HAL-false,3-MX_USB_HOST_Init-USB_HOST-false-HAL-false
PH1\ -\ OSC_OUT.Mode=HSE-External-Oscillator
USB_HOST0.BSP.solution=PC0
USB_HOST.BSP.number=1
USB_HOST0.BSP.condition=
PA11.Mode=Host_Only
RCC.RTCFreq_Value=32000
ProjectManager.DefaultFWLocation=true
ProjectManager.DeletePrevious=true
PC0.Signal=GPIO_Output
RCC.APB1CLKDivider=RCC_HCLK_DIV2
boardIOC=true
PinOutPanel.RotationAngle=0
RCC.FamilyName=M
RCC.SYSCLKSource=RCC_SYSCLKSOURCE_PLLCLK
ProjectManager.StackSize=0x400
USB_HOST0.BSP.semaphore=
USB_HOST0.BSP.STBoard=false
FATFS.IPParameters=_MAX_SS,_USE_LFN,_FS_EXFAT
Mcu.IP4=USB_HOST
RCC.FCLKCortexFreq_Value=72000000
Mcu.IP5=USB_OTG_FS
NVIC.SVCall_IRQn=true\:0\:0\:false\:false\:true\:true\:false
Mcu.IP2=RCC
Mcu.IP3=SYS
Mcu.IP0=FATFS
PA9.Mode=Activate_VBUS
Mcu.IP1=NVIC
PH0\ -\ OSC_IN.Mode=HSE-External-Oscillator
PA12.Signal=USB_OTG_FS_DP
Mcu.UserConstants=
PH0\ -\ OSC_IN.Signal=RCC_OSC_IN
ProjectManager.TargetToolchain=STM32CubeIDE
Mcu.ThirdPartyNb=0
RCC.HCLKFreq_Value=72000000
Mcu.IPNb=6
RCC.I2SClocksFreq_Value=160000000
ProjectManager.PreviousToolchain=
RCC.APB2TimFreq_Value=72000000
PA9.Signal=USB_OTG_FS_VBUS
RCC.VcooutputI2S=160000000
USB_HOST0.BSP.component=
RCC.VCOInputMFreq_Value=1600000
Mcu.Pin6=VP_FATFS_VS_USB
Mcu.Pin7=VP_SYS_VS_Systick
ProjectManager.RegisterCallBack=
Mcu.Pin8=VP_USB_HOST_VS_USB_HOST_MSC_FS
USB_HOST0.BSP.ip=GPIO
RCC.LSE_VALUE=32768
RCC.AHBFreq_Value=72000000
Mcu.Pin0=PH0 - OSC_IN
Mcu.Pin1=PH1 - OSC_OUT
GPIO.groupedBy=Group By Peripherals
Mcu.Pin2=PC0
Mcu.Pin3=PA9
Mcu.Pin4=PA11
RCC.VCOI2SOutputFreq_Value=320000000
Mcu.Pin5=PA12
ProjectManager.ProjectBuild=false
RCC.HSE_VALUE=8000000
NVIC.UsageFault_IRQn=true\:0\:0\:false\:false\:true\:true\:false
NVIC.DebugMonitor_IRQn=true\:0\:0\:false\:false\:true\:true\:false
USB_OTG_FS.phy_itface=HCD_PHY_EMBEDDED
PH1\ -\ OSC_OUT.Signal=RCC_OSC_OUT
board=STM32F411E-DISCO
RCC.VCOOutputFreq_Value=144000000
NVIC.SysTick_IRQn=true\:0\:0\:true\:false\:true\:true\:true
ProjectManager.LastFirmware=true
USB_HOST.VirtualModeFS=Msc
ProjectManager.FirmwarePackage=STM32Cube FW_F4 V1.26.2
MxDb.Version=DB.6.0.21
RCC.APB2Freq_Value=72000000
USB_HOST0.BSP.api=Unknown
FATFS._FS_EXFAT=1
ProjectManager.BackupPrevious=false
MxCube.Version=6.2.1
RCC.VCOInputFreq_Value=2000000
File.Version=6
VP_SYS_VS_Systick.Mode=SysTick
RCC.EthernetFreq_Value=72000000
NVIC.NonMaskableInt_IRQn=true\:0\:0\:false\:false\:true\:true\:false
NVIC.PendSV_IRQn=true\:0\:0\:false\:false\:true\:true\:false
ProjectManager.FreePins=false
RCC.IPParameters=48MHZClocksFreq_Value,AHBFreq_Value,APB1CLKDivider,APB1Freq_Value,APB1TimFreq_Value,APB2Freq_Value,APB2TimFreq_Value,CortexFreq_Value,EthernetFreq_Value,FCLKCortexFreq_Value,FamilyName,HCLKFreq_Value,HSE_VALUE,HSI_VALUE,I2SClocksFreq_Value,LSE_VALUE,LSI_VALUE,MCO2PinFreq_Value,PLLCLKFreq_Value,PLLI2SM,PLLI2SN,PLLM,PLLN,PLLQ,PLLQCLKFreq_Value,RTCFreq_Value,RTCHSEDivFreq_Value,SYSCLKFreq_VALUE,SYSCLKSource,VCOI2SOutputFreq_Value,VCOInputFreq_Value,VCOInputMFreq_Value,VCOOutputFreq_Value,VcooutputI2S
USB_HOST0.BSP.i2creg=
ProjectManager.AskForMigrate=true
Mcu.Name=STM32F411V(C-E)Tx
ProjectManager.HalAssertFull=false
RCC.RTCHSEDivFreq_Value=4000000
ProjectManager.ProjectName=F411DISCO_USB_MEMORY
ProjectManager.UnderRoot=true
FATFS._MAX_SS=4096
ProjectManager.CoupleFile=true
RCC.48MHZClocksFreq_Value=48000000
RCC.MCO2PinFreq_Value=72000000
USB_HOST0.BSP.i2caddr=0
RCC.SYSCLKFreq_VALUE=72000000
Mcu.Package=LQFP100
PA12.Mode=Host_Only
NVIC.ForceEnableDMAVector=true
KeepUserPlacement=false
NVIC.MemoryManagement_IRQn=true\:0\:0\:false\:false\:true\:true\:false
NVIC.OTG_FS_IRQn=true\:0\:0\:false\:false\:true\:false\:true
ProjectManager.CompilerOptimize=6
ProjectManager.ToolChainLocation=
RCC.LSI_VALUE=32000
VP_SYS_VS_Systick.Signal=SYS_VS_Systick
PA11.Signal=USB_OTG_FS_DM
USB_OTG_FS.VirtualMode=Host_Only
ProjectManager.HeapSize=0x200
NVIC.HardFault_IRQn=true\:0\:0\:false\:false\:true\:true\:false
VP_FATFS_VS_USB.Mode=USB
ProjectManager.ComputerToolchain=false
RCC.HSI_VALUE=16000000
USB_HOST.USBH_HandleTypeDef=hUsbHostFS
VP_FATFS_VS_USB.Signal=FATFS_VS_USB
RCC.PLLQ=3
NVIC.PriorityGroup=NVIC_PRIORITYGROUP_0
USB_HOST0.BSP.name=Drive_VBUS_FS
VP_USB_HOST_VS_USB_HOST_MSC_FS.Signal=USB_HOST_VS_USB_HOST_MSC_FS
RCC.PLLM=4
RCC.PLLN=72
RCC.APB1TimFreq_Value=72000000
NVIC.BusFault_IRQn=true\:0\:0\:false\:false\:true\:true\:false
USB_OTG_FS.IPParameters=VirtualMode,phy_itface
RCC.APB1Freq_Value=36000000
USB_HOST0.BSP.mode=Output
RCC.PLLI2SN=200
ProjectManager.CustomerFirmwarePackage=
PC0.Locked=true
ProjectManager.DeviceId=STM32F411VETx
ProjectManager.LibraryCopy=1
RCC.PLLI2SM=5
USB_HOST0.BSP.instance=PC0
isbadioc=false
